# This file is automatically @generated by Poetry 1.8.3 and should not be changed by hand.

[[package]]
name = "bleak"
version = "0.22.2"
description = "Bluetooth Low Energy platform Agnostic Klient"
optional = false
python-versions = "<3.13,>=3.8"
files = [
    {file = "bleak-0.22.2-py3-none-any.whl", hash = "sha256:8395c9e096f28e0ba1f3e6a8619fa21c327c484f720b7af3ea578d04f498a458"},
    {file = "bleak-0.22.2.tar.gz", hash = "sha256:09010c0f4bd843e7dcaa1652e1bfb2450ce690da08d4c6163f0723aaa986e9fe"},
]

[package.dependencies]
bleak-winrt = {version = ">=1.2.0,<2.0.0", markers = "platform_system == \"Windows\" and python_version < \"3.12\""}
dbus-fast = {version = ">=1.83.0,<3", markers = "platform_system == \"Linux\""}
pyobjc-core = {version = ">=10.0,<11.0", markers = "platform_system == \"Darwin\""}
pyobjc-framework-CoreBluetooth = {version = ">=10.0,<11.0", markers = "platform_system == \"Darwin\""}
pyobjc-framework-libdispatch = {version = ">=10.0,<11.0", markers = "platform_system == \"Darwin\""}
typing-extensions = {version = ">=4.7.0", markers = "python_version < \"3.12\""}

[[package]]
name = "bleak-winrt"
version = "1.2.0"
description = "Python WinRT bindings for Bleak"
optional = false
python-versions = "*"
files = [
    {file = "bleak-winrt-1.2.0.tar.gz", hash = "sha256:0577d070251b9354fc6c45ffac57e39341ebb08ead014b1bdbd43e211d2ce1d6"},
    {file = "bleak_winrt-1.2.0-cp310-cp310-win32.whl", hash = "sha256:a2ae3054d6843ae0cfd3b94c83293a1dfd5804393977dd69bde91cb5099fc47c"},
    {file = "bleak_winrt-1.2.0-cp310-cp310-win_amd64.whl", hash = "sha256:677df51dc825c6657b3ae94f00bd09b8ab88422b40d6a7bdbf7972a63bc44e9a"},
    {file = "bleak_winrt-1.2.0-cp311-cp311-win32.whl", hash = "sha256:9449cdb942f22c9892bc1ada99e2ccce9bea8a8af1493e81fefb6de2cb3a7b80"},
    {file = "bleak_winrt-1.2.0-cp311-cp311-win_amd64.whl", hash = "sha256:98c1b5a6a6c431ac7f76aa4285b752fe14a1c626bd8a1dfa56f66173ff120bee"},
    {file = "bleak_winrt-1.2.0-cp37-cp37m-win32.whl", hash = "sha256:623ac511696e1f58d83cb9c431e32f613395f2199b3db7f125a3d872cab968a4"},
    {file = "bleak_winrt-1.2.0-cp37-cp37m-win_amd64.whl", hash = "sha256:13ab06dec55469cf51a2c187be7b630a7a2922e1ea9ac1998135974a7239b1e3"},
    {file = "bleak_winrt-1.2.0-cp38-cp38-win32.whl", hash = "sha256:5a36ff8cd53068c01a795a75d2c13054ddc5f99ce6de62c1a97cd343fc4d0727"},
    {file = "bleak_winrt-1.2.0-cp38-cp38-win_amd64.whl", hash = "sha256:810c00726653a962256b7acd8edf81ab9e4a3c66e936a342ce4aec7dbd3a7263"},
    {file = "bleak_winrt-1.2.0-cp39-cp39-win32.whl", hash = "sha256:dd740047a08925bde54bec357391fcee595d7b8ca0c74c87170a5cbc3f97aa0a"},
    {file = "bleak_winrt-1.2.0-cp39-cp39-win_amd64.whl", hash = "sha256:63130c11acfe75c504a79c01f9919e87f009f5e742bfc7b7a5c2a9c72bf591a7"},
]

[[package]]
name = "dbus-fast"
version = "2.24.2"
description = "A faster version of dbus-next"
optional = false
python-versions = "<4.0,>=3.8"
files = [
    {file = "dbus_fast-2.24.2-cp310-cp310-manylinux_2_17_aarch64.manylinux2014_aarch64.whl", hash = "sha256:4785df473961432e208cd8b96ae58a8e9bf7cbd3f9ced29eb0ecc16dfc1af6f1"},
    {file = "dbus_fast-2.24.2-cp310-cp310-manylinux_2_17_x86_64.manylinux2014_x86_64.whl", hash = "sha256:9879cee2a2e13ce9047a6f012d16d90b2a38fc40784ab4a233d4ddd80c9e803a"},
    {file = "dbus_fast-2.24.2-cp310-cp310-manylinux_2_31_x86_64.whl", hash = "sha256:72d9b28592dbe65774889cd3fc365e70e25862af79f5807a0bb375c1f7668dac"},
    {file = "dbus_fast-2.24.2-cp310-cp310-musllinux_1_2_aarch64.whl", hash = "sha256:920a4f303127d25cfbb36c2c62dadf3a9e01b7512c091a1e8f9d6f0496934d54"},
    {file = "dbus_fast-2.24.2-cp310-cp310-musllinux_1_2_x86_64.whl", hash = "sha256:0642e4165361bfbe13878a65c9a5580bb086073300614243f81e8ca3f204e14e"},
    {file = "dbus_fast-2.24.2-cp311-cp311-manylinux_2_17_aarch64.manylinux2014_aarch64.whl", hash = "sha256:f5ff65eb4a42c3416423d65ed66f81798724047e23d3d034702ca3c3cf59f93d"},
    {file = "dbus_fast-2.24.2-cp311-cp311-manylinux_2_17_x86_64.manylinux2014_x86_64.whl", hash = "sha256:8b92b110c7d6ceb53d673281a490fcdccd552beee1c0b6a8f234579f845bd87c"},
    {file = "dbus_fast-2.24.2-cp311-cp311-musllinux_1_2_aarch64.whl", hash = "sha256:5c8eff87f24f8b58f439a716a7fb655eaacfa37dd72c11c98bbff7e391ef8550"},
    {file = "dbus_fast-2.24.2-cp311-cp311-musllinux_1_2_x86_64.whl", hash = "sha256:3c629360152618585a4e1ffeacc88e3ea92b64ee76de180d67d9f4e9bdf85a7e"},
    {file = "dbus_fast-2.24.2-cp312-cp312-manylinux_2_17_aarch64.manylinux2014_aarch64.whl", hash = "sha256:bf3a971c41d53f4f4ceb29ca3b6b6ffcd9fb92f1d7c7d464292ad000974113f1"},
    {file = "dbus_fast-2.24.2-cp312-cp312-manylinux_2_17_x86_64.manylinux2014_x86_64.whl", hash = "sha256:d20cf9cd64a0dfb5d7efd7d52a6fd927becabdff234082c7819582f74e81dc59"},
    {file = "dbus_fast-2.24.2-cp312-cp312-musllinux_1_2_aarch64.whl", hash = "sha256:fbfe0e2ee611e22f13c0e30f5f65b9264dd4f88c5581499dfd7f8c1578d81a27"},
    {file = "dbus_fast-2.24.2-cp312-cp312-musllinux_1_2_x86_64.whl", hash = "sha256:dfdb015a56b98b6e6c935b4b7e66e26a7d13a46a826320776418ec557a954347"},
    {file = "dbus_fast-2.24.2-cp313-cp313-manylinux_2_17_aarch64.manylinux2014_aarch64.whl", hash = "sha256:459dca547117baf7383e63f2a7d7da651e21f3bad0ac2ba4bcdc71a13a071f18"},
    {file = "dbus_fast-2.24.2-cp313-cp313-manylinux_2_17_x86_64.manylinux2014_x86_64.whl", hash = "sha256:f1a1d8f5efbb026626a2a3b755c09d3b8134700a03daaf34db22736045503ba4"},
    {file = "dbus_fast-2.24.2-cp313-cp313-musllinux_1_2_aarch64.whl", hash = "sha256:8bcc7e733a2b4f3d27184cb273da7de01c8a2f20b496bf73b8e0954e590ffbba"},
    {file = "dbus_fast-2.24.2-cp313-cp313-musllinux_1_2_x86_64.whl", hash = "sha256:789089a6489418dc3d26c5eb1c92144cece6dd93ae1b31aee12d5be164832ca2"},
    {file = "dbus_fast-2.24.2-cp38-cp38-manylinux_2_17_aarch64.manylinux2014_aarch64.whl", hash = "sha256:b884a221c73731920182599690538d23abc38490742d4beda9e52ee3576ab849"},
    {file = "dbus_fast-2.24.2-cp38-cp38-manylinux_2_17_x86_64.manylinux2014_x86_64.whl", hash = "sha256:05fe312ea313fdd8affcd362e24bf8aca280f5724099f27b0d48e699aa83f6f6"},
    {file = "dbus_fast-2.24.2-cp38-cp38-musllinux_1_2_aarch64.whl", hash = "sha256:7f3438da463b69f81cbe5f163f2489bfe215d5d96c7fbfca30a744f58fc3d85b"},
    {file = "dbus_fast-2.24.2-cp38-cp38-musllinux_1_2_x86_64.whl", hash = "sha256:a9d76b33e8927e87261f5ddb919f5339b49046745508f3bc383e5b10d5f8a750"},
    {file = "dbus_fast-2.24.2-cp39-cp39-manylinux_2_17_aarch64.manylinux2014_aarch64.whl", hash = "sha256:871696881a5ca703998f73d5c944f430f7937eb86de8736ca41a44fc1d21b8ba"},
    {file = "dbus_fast-2.24.2-cp39-cp39-manylinux_2_17_x86_64.manylinux2014_x86_64.whl", hash = "sha256:5efd4472b6008f99fe0751cc660f4de72f3267aea719b334940e7086824231ed"},
    {file = "dbus_fast-2.24.2-cp39-cp39-musllinux_1_2_aarch64.whl", hash = "sha256:5bc6816dc3a53b90aa2d465f44f06f636eb094db8c0b69aca62c11ca8d9a5c26"},
    {file = "dbus_fast-2.24.2-cp39-cp39-musllinux_1_2_x86_64.whl", hash = "sha256:cc5c340970c7b6acaf6ee0cccfaad701d20954c08234f8428c550ae090ee1247"},
    {file = "dbus_fast-2.24.2-pp310-pypy310_pp73-manylinux_2_17_aarch64.manylinux2014_aarch64.whl", hash = "sha256:522c00aa19411e8abb7934fcb4066b05bcf8c313e9215376ed6fef7137307183"},
    {file = "dbus_fast-2.24.2-pp310-pypy310_pp73-manylinux_2_17_x86_64.manylinux_2_5_x86_64.manylinux1_x86_64.manylinux2014_x86_64.whl", hash = "sha256:b3ed265d4285a2aab12935ad143bf6e08933f136ff74dc864b3642c85e646128"},
    {file = "dbus_fast-2.24.2-pp38-pypy38_pp73-manylinux_2_17_aarch64.manylinux2014_aarch64.whl", hash = "sha256:292d6334c8267f424d4f7dded170e2e9b79596485ef93ce60aa5ef972406860b"},
    {file = "dbus_fast-2.24.2-pp38-pypy38_pp73-manylinux_2_17_x86_64.manylinux_2_5_x86_64.manylinux1_x86_64.manylinux2014_x86_64.whl", hash = "sha256:8f8c72bce6e574bf855f2d843ea660a0e997cc29a05a17ee2da0134b2381fe03"},
    {file = "dbus_fast-2.24.2-pp39-pypy39_pp73-manylinux_2_17_aarch64.manylinux2014_aarch64.whl", hash = "sha256:5bec804cde188c445520fc988295cc8cc74044d7cf3b661825cd36fb52a45d45"},
    {file = "dbus_fast-2.24.2-pp39-pypy39_pp73-manylinux_2_17_x86_64.manylinux_2_5_x86_64.manylinux1_x86_64.manylinux2014_x86_64.whl", hash = "sha256:70f230ee387a44ff2fa485eb47412d3bf0eefee62ad1c0ef58bdb332560386ce"},
    {file = "dbus_fast-2.24.2.tar.gz", hash = "sha256:20c517dc70dbc940b8bf2e0f079abf3dfe821fdda3013641a17e3d8f18e131ae"},
]

[[package]]
name = "pycryptodome"
version = "3.20.0"
description = "Cryptographic library for Python"
optional = false
python-versions = ">=2.7, !=3.0.*, !=3.1.*, !=3.2.*, !=3.3.*, !=3.4.*"
files = [
    {file = "pycryptodome-3.20.0-cp27-cp27m-macosx_10_9_x86_64.whl", hash = "sha256:f0e6d631bae3f231d3634f91ae4da7a960f7ff87f2865b2d2b831af1dfb04e9a"},
    {file = "pycryptodome-3.20.0-cp27-cp27m-manylinux2010_i686.whl", hash = "sha256:baee115a9ba6c5d2709a1e88ffe62b73ecc044852a925dcb67713a288c4ec70f"},
    {file = "pycryptodome-3.20.0-cp27-cp27m-manylinux2010_x86_64.whl", hash = "sha256:417a276aaa9cb3be91f9014e9d18d10e840a7a9b9a9be64a42f553c5b50b4d1d"},
    {file = "pycryptodome-3.20.0-cp27-cp27m-manylinux_2_17_aarch64.manylinux2014_aarch64.whl", hash = "sha256:2a1250b7ea809f752b68e3e6f3fd946b5939a52eaeea18c73bdab53e9ba3c2dd"},
    {file = "pycryptodome-3.20.0-cp27-cp27m-musllinux_1_1_aarch64.whl", hash = "sha256:d5954acfe9e00bc83ed9f5cb082ed22c592fbbef86dc48b907238be64ead5c33"},
    {file = "pycryptodome-3.20.0-cp27-cp27m-win32.whl", hash = "sha256:06d6de87c19f967f03b4cf9b34e538ef46e99a337e9a61a77dbe44b2cbcf0690"},
    {file = "pycryptodome-3.20.0-cp27-cp27m-win_amd64.whl", hash = "sha256:ec0bb1188c1d13426039af8ffcb4dbe3aad1d7680c35a62d8eaf2a529b5d3d4f"},
    {file = "pycryptodome-3.20.0-cp27-cp27mu-manylinux2010_i686.whl", hash = "sha256:5601c934c498cd267640b57569e73793cb9a83506f7c73a8ec57a516f5b0b091"},
    {file = "pycryptodome-3.20.0-cp27-cp27mu-manylinux2010_x86_64.whl", hash = "sha256:d29daa681517f4bc318cd8a23af87e1f2a7bad2fe361e8aa29c77d652a065de4"},
    {file = "pycryptodome-3.20.0-cp27-cp27mu-manylinux_2_17_aarch64.manylinux2014_aarch64.whl", hash = "sha256:3427d9e5310af6680678f4cce149f54e0bb4af60101c7f2c16fdf878b39ccccc"},
    {file = "pycryptodome-3.20.0-cp27-cp27mu-musllinux_1_1_aarch64.whl", hash = "sha256:3cd3ef3aee1079ae44afaeee13393cf68b1058f70576b11439483e34f93cf818"},
    {file = "pycryptodome-3.20.0-cp35-abi3-macosx_10_9_universal2.whl", hash = "sha256:ac1c7c0624a862f2e53438a15c9259d1655325fc2ec4392e66dc46cdae24d044"},
    {file = "pycryptodome-3.20.0-cp35-abi3-macosx_10_9_x86_64.whl", hash = "sha256:76658f0d942051d12a9bd08ca1b6b34fd762a8ee4240984f7c06ddfb55eaf15a"},
    {file = "pycryptodome-3.20.0-cp35-abi3-manylinux_2_17_aarch64.manylinux2014_aarch64.whl", hash = "sha256:f35d6cee81fa145333137009d9c8ba90951d7d77b67c79cbe5f03c7eb74d8fe2"},
    {file = "pycryptodome-3.20.0-cp35-abi3-manylinux_2_17_x86_64.manylinux2014_x86_64.whl", hash = "sha256:76cb39afede7055127e35a444c1c041d2e8d2f1f9c121ecef573757ba4cd2c3c"},
    {file = "pycryptodome-3.20.0-cp35-abi3-manylinux_2_5_i686.manylinux1_i686.manylinux_2_17_i686.manylinux2014_i686.whl", hash = "sha256:49a4c4dc60b78ec41d2afa392491d788c2e06edf48580fbfb0dd0f828af49d25"},
    {file = "pycryptodome-3.20.0-cp35-abi3-musllinux_1_1_aarch64.whl", hash = "sha256:fb3b87461fa35afa19c971b0a2b7456a7b1db7b4eba9a8424666104925b78128"},
    {file = "pycryptodome-3.20.0-cp35-abi3-musllinux_1_1_i686.whl", hash = "sha256:acc2614e2e5346a4a4eab6e199203034924313626f9620b7b4b38e9ad74b7e0c"},
    {file = "pycryptodome-3.20.0-cp35-abi3-musllinux_1_1_x86_64.whl", hash = "sha256:210ba1b647837bfc42dd5a813cdecb5b86193ae11a3f5d972b9a0ae2c7e9e4b4"},
    {file = "pycryptodome-3.20.0-cp35-abi3-win32.whl", hash = "sha256:8d6b98d0d83d21fb757a182d52940d028564efe8147baa9ce0f38d057104ae72"},
    {file = "pycryptodome-3.20.0-cp35-abi3-win_amd64.whl", hash = "sha256:9b3ae153c89a480a0ec402e23db8d8d84a3833b65fa4b15b81b83be9d637aab9"},
    {file = "pycryptodome-3.20.0-pp27-pypy_73-manylinux2010_x86_64.whl", hash = "sha256:4401564ebf37dfde45d096974c7a159b52eeabd9969135f0426907db367a652a"},
    {file = "pycryptodome-3.20.0-pp27-pypy_73-win32.whl", hash = "sha256:ec1f93feb3bb93380ab0ebf8b859e8e5678c0f010d2d78367cf6bc30bfeb148e"},
    {file = "pycryptodome-3.20.0-pp310-pypy310_pp73-macosx_10_9_x86_64.whl", hash = "sha256:acae12b9ede49f38eb0ef76fdec2df2e94aad85ae46ec85be3648a57f0a7db04"},
    {file = "pycryptodome-3.20.0-pp310-pypy310_pp73-manylinux_2_17_x86_64.manylinux2014_x86_64.whl", hash = "sha256:f47888542a0633baff535a04726948e876bf1ed880fddb7c10a736fa99146ab3"},
    {file = "pycryptodome-3.20.0-pp310-pypy310_pp73-manylinux_2_5_i686.manylinux1_i686.manylinux_2_17_i686.manylinux2014_i686.whl", hash = "sha256:6e0e4a987d38cfc2e71b4a1b591bae4891eeabe5fa0f56154f576e26287bfdea"},
    {file = "pycryptodome-3.20.0-pp310-pypy310_pp73-win_amd64.whl", hash = "sha256:c18b381553638414b38705f07d1ef0a7cf301bc78a5f9bc17a957eb19446834b"},
    {file = "pycryptodome-3.20.0-pp39-pypy39_pp73-macosx_10_9_x86_64.whl", hash = "sha256:a60fedd2b37b4cb11ccb5d0399efe26db9e0dd149016c1cc6c8161974ceac2d6"},
    {file = "pycryptodome-3.20.0-pp39-pypy39_pp73-manylinux_2_17_x86_64.manylinux2014_x86_64.whl", hash = "sha256:405002eafad114a2f9a930f5db65feef7b53c4784495dd8758069b89baf68eab"},
    {file = "pycryptodome-3.20.0-pp39-pypy39_pp73-manylinux_2_5_i686.manylinux1_i686.manylinux_2_17_i686.manylinux2014_i686.whl", hash = "sha256:2ab6ab0cb755154ad14e507d1df72de9897e99fd2d4922851a276ccc14f4f1a5"},
    {file = "pycryptodome-3.20.0-pp39-pypy39_pp73-win_amd64.whl", hash = "sha256:acf6e43fa75aca2d33e93409f2dafe386fe051818ee79ee8a3e21de9caa2ac9e"},
    {file = "pycryptodome-3.20.0.tar.gz", hash = "sha256:09609209ed7de61c2b560cc5c8c4fbf892f8b15b1faf7e4cbffac97db1fffda7"},
]

[[package]]
name = "pyobjc-core"
version = "10.3.1"
description = "Python<->ObjC Interoperability Module"
optional = false
python-versions = ">=3.8"
files = [
    {file = "pyobjc_core-10.3.1-cp310-cp310-macosx_10_9_universal2.whl", hash = "sha256:ea46d2cda17921e417085ac6286d43ae448113158afcf39e0abe484c58fb3d78"},
    {file = "pyobjc_core-10.3.1-cp311-cp311-macosx_10_9_universal2.whl", hash = "sha256:899d3c84d2933d292c808f385dc881a140cf08632907845043a333a9d7c899f9"},
    {file = "pyobjc_core-10.3.1-cp312-cp312-macosx_10_9_universal2.whl", hash = "sha256:6ff5823d13d0a534cdc17fa4ad47cf5bee4846ce0fd27fc40012e12b46db571b"},
    {file = "pyobjc_core-10.3.1-cp313-cp313-macosx_10_13_universal2.whl", hash = "sha256:2581e8e68885bcb0e11ec619e81ef28e08ee3fac4de20d8cc83bc5af5bcf4a90"},
    {file = "pyobjc_core-10.3.1-cp38-cp38-macosx_10_9_x86_64.whl", hash = "sha256:ea98d4c2ec39ca29e62e0327db21418696161fb138ee6278daf2acbedf7ce504"},
    {file = "pyobjc_core-10.3.1-cp38-cp38-macosx_11_0_universal2.whl", hash = "sha256:4c179c26ee2123d0aabffb9dbc60324b62b6f8614fb2c2328b09386ef59ef6d8"},
    {file = "pyobjc_core-10.3.1-cp39-cp39-macosx_10_9_universal2.whl", hash = "sha256:cb901fce65c9be420c40d8a6ee6fff5ff27c6945f44fd7191989b982baa66dea"},
    {file = "pyobjc_core-10.3.1.tar.gz", hash = "sha256:b204a80ccc070f9ab3f8af423a3a25a6fd787e228508d00c4c30f8ac538ba720"},
]

[[package]]
name = "pyobjc-framework-cocoa"
version = "10.3.1"
description = "Wrappers for the Cocoa frameworks on macOS"
optional = false
python-versions = ">=3.8"
files = [
    {file = "pyobjc_framework_Cocoa-10.3.1-cp310-cp310-macosx_10_9_universal2.whl", hash = "sha256:4cb4f8491ab4d9b59f5187e42383f819f7a46306a4fa25b84f126776305291d1"},
    {file = "pyobjc_framework_Cocoa-10.3.1-cp311-cp311-macosx_10_9_universal2.whl", hash = "sha256:5f31021f4f8fdf873b57a97ee1f3c1620dbe285e0b4eaed73dd0005eb72fd773"},
    {file = "pyobjc_framework_Cocoa-10.3.1-cp312-cp312-macosx_10_9_universal2.whl", hash = "sha256:11b4e0bad4bbb44a4edda128612f03cdeab38644bbf174de0c13129715497296"},
    {file = "pyobjc_framework_Cocoa-10.3.1-cp313-cp313-macosx_10_13_universal2.whl", hash = "sha256:de5e62e5ccf2871a94acf3bf79646b20ea893cc9db78afa8d1fe1b0d0f7cbdb0"},
    {file = "pyobjc_framework_Cocoa-10.3.1-cp38-cp38-macosx_10_9_x86_64.whl", hash = "sha256:6c5af24610ab639bd1f521ce4500484b40787f898f691b7a23da3339e6bc8b90"},
    {file = "pyobjc_framework_Cocoa-10.3.1-cp38-cp38-macosx_11_0_universal2.whl", hash = "sha256:a7151186bb7805deea434fae9a4423335e6371d105f29e73cc2036c6779a9dbc"},
    {file = "pyobjc_framework_Cocoa-10.3.1-cp39-cp39-macosx_10_9_universal2.whl", hash = "sha256:743d2a1ac08027fd09eab65814c79002a1d0421d7c0074ffd1217b6560889744"},
    {file = "pyobjc_framework_cocoa-10.3.1.tar.gz", hash = "sha256:1cf20714daaa986b488fb62d69713049f635c9d41a60c8da97d835710445281a"},
]

[package.dependencies]
pyobjc-core = ">=10.3.1"

[[package]]
name = "pyobjc-framework-corebluetooth"
version = "10.3.1"
description = "Wrappers for the framework CoreBluetooth on macOS"
optional = false
python-versions = ">=3.8"
files = [
    {file = "pyobjc_framework_CoreBluetooth-10.3.1-cp36-abi3-macosx_10_13_universal2.whl", hash = "sha256:c89ee6fba0ed359c46b4908a7d01f88f133be025bd534cbbf4fb9c183e62fc97"},
    {file = "pyobjc_framework_CoreBluetooth-10.3.1-cp36-abi3-macosx_10_9_universal2.whl", hash = "sha256:2f261a386aa6906f9d4601d35ff71a13315dbca1a0698bf1f1ecfe3971de4648"},
    {file = "pyobjc_framework_CoreBluetooth-10.3.1-cp36-abi3-macosx_10_9_x86_64.whl", hash = "sha256:5211df0da2e8be511d9a54a48505dd7af0c4d04546fe2027dd723801d633c6ba"},
    {file = "pyobjc_framework_CoreBluetooth-10.3.1-cp36-abi3-macosx_11_0_universal2.whl", hash = "sha256:b8becd4e406be289a2d423611d3ad40730532a1f6728effb2200e68c9c04c3e8"},
    {file = "pyobjc_framework_corebluetooth-10.3.1.tar.gz", hash = "sha256:dc5d326ab5541b8b68e7e920aa8363851e779cb8c33842f6cfeef4674cc62f94"},
]

[package.dependencies]
pyobjc-core = ">=10.3.1"
pyobjc-framework-Cocoa = ">=10.3.1"

[[package]]
name = "pyobjc-framework-libdispatch"
version = "10.3.1"
description = "Wrappers for libdispatch on macOS"
optional = false
python-versions = ">=3.8"
files = [
    {file = "pyobjc_framework_libdispatch-10.3.1-cp310-cp310-macosx_10_9_universal2.whl", hash = "sha256:5543aea8acd53fb02bcf962b003a2a9c2bdacf28dc290c31a3d2de7543ef8392"},
    {file = "pyobjc_framework_libdispatch-10.3.1-cp311-cp311-macosx_10_9_universal2.whl", hash = "sha256:3e0db3138aae333f0b87b42586bc016430a76638af169aab9cef6afee4e5f887"},
    {file = "pyobjc_framework_libdispatch-10.3.1-cp312-cp312-macosx_10_9_universal2.whl", hash = "sha256:b209dbc9338cd87e053ede4d782b8c445bcc0b9a3d0365a6ffa1f9cd5143c301"},
    {file = "pyobjc_framework_libdispatch-10.3.1-cp313-cp313-macosx_10_13_universal2.whl", hash = "sha256:a74e62314376dc2d34bc5d4a86cedaf5795786178ebccd0553c58e8fa73400a3"},
    {file = "pyobjc_framework_libdispatch-10.3.1-cp38-cp38-macosx_10_9_x86_64.whl", hash = "sha256:8e8fb27ac86d48605eb2107ac408ed8de281751df81f5430fe66c8228d7626b8"},
    {file = "pyobjc_framework_libdispatch-10.3.1-cp38-cp38-macosx_11_0_universal2.whl", hash = "sha256:0a7a19afef70c98b3b527fb2c9adb025444bcb50f65c8d7b949f1efb51bde577"},
    {file = "pyobjc_framework_libdispatch-10.3.1-cp39-cp39-macosx_10_9_universal2.whl", hash = "sha256:109044cddecb3332cbb75f14819cd01b98aacfefe91204c776b491eccc58a112"},
    {file = "pyobjc_framework_libdispatch-10.3.1.tar.gz", hash = "sha256:f5c3475498cb32f54d75e21952670e4a32c8517fb2db2e90869f634edc942446"},
]

[package.dependencies]
pyobjc-core = ">=10.3.1"
pyobjc-framework-Cocoa = ">=10.3.1"

[[package]]
name = "typing-extensions"
version = "4.12.2"
description = "Backported and Experimental Type Hints for Python 3.8+"
optional = false
python-versions = ">=3.8"
files = [
    {file = "typing_extensions-4.12.2-py3-none-any.whl", hash = "sha256:04e5ca0351e0f3f85c6853954072df659d0d13fac324d0072316b67d7794700d"},
    {file = "typing_extensions-4.12.2.tar.gz", hash = "sha256:1a7ead55c7e559dd4dee8856e3a88b41225abfe1ce8df57b7c13915fe121ffb8"},
]

[metadata]
lock-version = "2.0"
python-versions = "3.11.5"
content-hash = "5fe6827dee5450c74953181bc9eb48c3d83056a3d80acf045887f7cc29a0d041"
